
Microsoft Visual Studio Solution File, Format Version 12.00
# Visual Studio Version 16
VisualStudioVersion = 16.0.30114.105
MinimumVisualStudioVersion = 10.0.40219.1
Project("{2150E333-8FDC-42A3-9474-1A3956D46DE8}") = "ETL", "ETL", "{7AECAE36-F627-4F1D-8588-836BD7468A52}"
EndProject
Project("{2150E333-8FDC-42A3-9474-1A3956D46DE8}") = "Domain", "Domain", "{A13C071C-5024-46DC-97AF-46E3124261AE}"
EndProject
Project("{9A19103F-16F7-4668-BE54-9A1E7A4F7556}") = "Domain", "Base.Domain\Domain.csproj", "{04363B7B-49CF-406B-BF72-7F7C5379E989}"
EndProject
Project("{2150E333-8FDC-42A3-9474-1A3956D46DE8}") = "Data", "Data", "{50EDCF0C-E97D-4735-9B0F-533BF4844FFD}"
EndProject
Project("{00D1A9C2-B5F0-4AF3-8072-F6C62B433612}") = "Database", "Database\Database.sqlproj", "{C7F469E0-BE24-4408-830E-0D1EBF743D43}"
EndProject
Project("{9A19103F-16F7-4668-BE54-9A1E7A4F7556}") = "ETL.Json", "ETL.Json\ETL.Json.csproj", "{EE9C5BDB-CC94-4EDA-A65C-6840E3B0C1C8}"
EndProject
Project("{9A19103F-16F7-4668-BE54-9A1E7A4F7556}") = "ETL.Json.Runner", "ETL.Json.Runner\ETL.Json.Runner.csproj", "{17C91A01-B65D-4247-9D7B-F573B1465EA2}"
EndProject
Project("{2150E333-8FDC-42A3-9474-1A3956D46DE8}") = "Infra", "Infra", "{3AC75F05-5348-41BF-A8F4-D9CB769027E6}"
EndProject
Project("{9A19103F-16F7-4668-BE54-9A1E7A4F7556}") = "Infra.CaseLaw", "Infra.CaseLaw\Infra.CaseLaw.csproj", "{B146967A-6943-4D06-A434-DA6323502002}"
EndProject
Project("{2150E333-8FDC-42A3-9474-1A3956D46DE8}") = "Services", "Services", "{E6087DB6-978D-499A-AC81-9BFDA07F995A}"
EndProject
Project("{9A19103F-16F7-4668-BE54-9A1E7A4F7556}") = "Services.CaseLaw", "Services.CaseLaw\Services.CaseLaw.csproj", "{AE0C65E9-0E35-4850-A1DB-E1ACBA44F744}"
EndProject
Project("{2150E333-8FDC-42A3-9474-1A3956D46DE8}") = "Elastic", "Elastic", "{466B0B80-708D-4674-89B1-E24A4D2A5EB9}"
EndProject
Project("{9A19103F-16F7-4668-BE54-9A1E7A4F7556}") = "ElasticSearch.API", "ElasticSearch.API\ElasticSearch.API.csproj", "{5A67C04F-E4D9-45C1-9EBA-1EC3D5FA7B62}"
EndProject
Project("{9A19103F-16F7-4668-BE54-9A1E7A4F7556}") = "ElasticSearch.CMD", "ElasticSearch.CMD\ElasticSearch.CMD.csproj", "{EC1B49A2-2A3B-40A7-8533-F21A8416C18F}"
EndProject
Project("{9A19103F-16F7-4668-BE54-9A1E7A4F7556}") = "Infra.CaseLaw.Abstractions", "Infra.CaseLaw.Abstractions\Infra.CaseLaw.Abstractions.csproj", "{56363A26-A24A-41B9-810C-191CF031C3C7}"
EndProject
Project("{9A19103F-16F7-4668-BE54-9A1E7A4F7556}") = "Infra.Dapper", "Infra.Dapper\Infra.Dapper.csproj", "{5D795CD7-6EBD-4996-88DB-DF8EEB09BBBF}"
EndProject
Project("{9A19103F-16F7-4668-BE54-9A1E7A4F7556}") = "Infra.Dapper.Abstractions", "Infra.Dapper.Abstractions\Infra.Dapper.Abstractions.csproj", "{264D342C-D062-42B7-B21D-B3DD984AA5C1}"
EndProject
Global
	GlobalSection(SolutionConfigurationPlatforms) = preSolution
		Debug|Any CPU = Debug|Any CPU
		Release|Any CPU = Release|Any CPU
	EndGlobalSection
	GlobalSection(ProjectConfigurationPlatforms) = postSolution
		{04363B7B-49CF-406B-BF72-7F7C5379E989}.Debug|Any CPU.ActiveCfg = Debug|Any CPU
		{04363B7B-49CF-406B-BF72-7F7C5379E989}.Debug|Any CPU.Build.0 = Debug|Any CPU
		{04363B7B-49CF-406B-BF72-7F7C5379E989}.Release|Any CPU.ActiveCfg = Release|Any CPU
		{04363B7B-49CF-406B-BF72-7F7C5379E989}.Release|Any CPU.Build.0 = Release|Any CPU
		{C7F469E0-BE24-4408-830E-0D1EBF743D43}.Debug|Any CPU.ActiveCfg = Debug|Any CPU
		{C7F469E0-BE24-4408-830E-0D1EBF743D43}.Debug|Any CPU.Build.0 = Debug|Any CPU
		{C7F469E0-BE24-4408-830E-0D1EBF743D43}.Debug|Any CPU.Deploy.0 = Debug|Any CPU
		{C7F469E0-BE24-4408-830E-0D1EBF743D43}.Release|Any CPU.ActiveCfg = Release|Any CPU
		{C7F469E0-BE24-4408-830E-0D1EBF743D43}.Release|Any CPU.Build.0 = Release|Any CPU
		{C7F469E0-BE24-4408-830E-0D1EBF743D43}.Release|Any CPU.Deploy.0 = Release|Any CPU
		{EE9C5BDB-CC94-4EDA-A65C-6840E3B0C1C8}.Debug|Any CPU.ActiveCfg = Debug|Any CPU
		{EE9C5BDB-CC94-4EDA-A65C-6840E3B0C1C8}.Debug|Any CPU.Build.0 = Debug|Any CPU
		{EE9C5BDB-CC94-4EDA-A65C-6840E3B0C1C8}.Release|Any CPU.ActiveCfg = Release|Any CPU
		{EE9C5BDB-CC94-4EDA-A65C-6840E3B0C1C8}.Release|Any CPU.Build.0 = Release|Any CPU
		{17C91A01-B65D-4247-9D7B-F573B1465EA2}.Debug|Any CPU.ActiveCfg = Debug|Any CPU
		{17C91A01-B65D-4247-9D7B-F573B1465EA2}.Debug|Any CPU.Build.0 = Debug|Any CPU
		{17C91A01-B65D-4247-9D7B-F573B1465EA2}.Release|Any CPU.ActiveCfg = Release|Any CPU
		{17C91A01-B65D-4247-9D7B-F573B1465EA2}.Release|Any CPU.Build.0 = Release|Any CPU
		{B146967A-6943-4D06-A434-DA6323502002}.Debug|Any CPU.ActiveCfg = Debug|Any CPU
		{B146967A-6943-4D06-A434-DA6323502002}.Debug|Any CPU.Build.0 = Debug|Any CPU
		{B146967A-6943-4D06-A434-DA6323502002}.Release|Any CPU.ActiveCfg = Release|Any CPU
		{B146967A-6943-4D06-A434-DA6323502002}.Release|Any CPU.Build.0 = Release|Any CPU
		{AE0C65E9-0E35-4850-A1DB-E1ACBA44F744}.Debug|Any CPU.ActiveCfg = Debug|Any CPU
		{AE0C65E9-0E35-4850-A1DB-E1ACBA44F744}.Debug|Any CPU.Build.0 = Debug|Any CPU
		{AE0C65E9-0E35-4850-A1DB-E1ACBA44F744}.Release|Any CPU.ActiveCfg = Release|Any CPU
		{AE0C65E9-0E35-4850-A1DB-E1ACBA44F744}.Release|Any CPU.Build.0 = Release|Any CPU
		{5A67C04F-E4D9-45C1-9EBA-1EC3D5FA7B62}.Debug|Any CPU.ActiveCfg = Debug|Any CPU
		{5A67C04F-E4D9-45C1-9EBA-1EC3D5FA7B62}.Debug|Any CPU.Build.0 = Debug|Any CPU
		{5A67C04F-E4D9-45C1-9EBA-1EC3D5FA7B62}.Release|Any CPU.ActiveCfg = Release|Any CPU
		{5A67C04F-E4D9-45C1-9EBA-1EC3D5FA7B62}.Release|Any CPU.Build.0 = Release|Any CPU
		{EC1B49A2-2A3B-40A7-8533-F21A8416C18F}.Debug|Any CPU.ActiveCfg = Debug|Any CPU
		{EC1B49A2-2A3B-40A7-8533-F21A8416C18F}.Debug|Any CPU.Build.0 = Debug|Any CPU
		{EC1B49A2-2A3B-40A7-8533-F21A8416C18F}.Release|Any CPU.ActiveCfg = Release|Any CPU
		{EC1B49A2-2A3B-40A7-8533-F21A8416C18F}.Release|Any CPU.Build.0 = Release|Any CPU
		{56363A26-A24A-41B9-810C-191CF031C3C7}.Debug|Any CPU.ActiveCfg = Debug|Any CPU
		{56363A26-A24A-41B9-810C-191CF031C3C7}.Debug|Any CPU.Build.0 = Debug|Any CPU
		{56363A26-A24A-41B9-810C-191CF031C3C7}.Release|Any CPU.ActiveCfg = Release|Any CPU
		{56363A26-A24A-41B9-810C-191CF031C3C7}.Release|Any CPU.Build.0 = Release|Any CPU
		{5D795CD7-6EBD-4996-88DB-DF8EEB09BBBF}.Debug|Any CPU.ActiveCfg = Debug|Any CPU
		{5D795CD7-6EBD-4996-88DB-DF8EEB09BBBF}.Debug|Any CPU.Build.0 = Debug|Any CPU
		{5D795CD7-6EBD-4996-88DB-DF8EEB09BBBF}.Release|Any CPU.ActiveCfg = Release|Any CPU
		{5D795CD7-6EBD-4996-88DB-DF8EEB09BBBF}.Release|Any CPU.Build.0 = Release|Any CPU
		{264D342C-D062-42B7-B21D-B3DD984AA5C1}.Debug|Any CPU.ActiveCfg = Debug|Any CPU
		{264D342C-D062-42B7-B21D-B3DD984AA5C1}.Debug|Any CPU.Build.0 = Debug|Any CPU
		{264D342C-D062-42B7-B21D-B3DD984AA5C1}.Release|Any CPU.ActiveCfg = Release|Any CPU
		{264D342C-D062-42B7-B21D-B3DD984AA5C1}.Release|Any CPU.Build.0 = Release|Any CPU
	EndGlobalSection
	GlobalSection(SolutionProperties) = preSolution
		HideSolutionNode = FALSE
	EndGlobalSection
	GlobalSection(NestedProjects) = preSolution
		{04363B7B-49CF-406B-BF72-7F7C5379E989} = {A13C071C-5024-46DC-97AF-46E3124261AE}
		{C7F469E0-BE24-4408-830E-0D1EBF743D43} = {50EDCF0C-E97D-4735-9B0F-533BF4844FFD}
		{EE9C5BDB-CC94-4EDA-A65C-6840E3B0C1C8} = {7AECAE36-F627-4F1D-8588-836BD7468A52}
		{17C91A01-B65D-4247-9D7B-F573B1465EA2} = {7AECAE36-F627-4F1D-8588-836BD7468A52}
		{B146967A-6943-4D06-A434-DA6323502002} = {3AC75F05-5348-41BF-A8F4-D9CB769027E6}
		{AE0C65E9-0E35-4850-A1DB-E1ACBA44F744} = {E6087DB6-978D-499A-AC81-9BFDA07F995A}
		{5A67C04F-E4D9-45C1-9EBA-1EC3D5FA7B62} = {466B0B80-708D-4674-89B1-E24A4D2A5EB9}
		{EC1B49A2-2A3B-40A7-8533-F21A8416C18F} = {466B0B80-708D-4674-89B1-E24A4D2A5EB9}
		{56363A26-A24A-41B9-810C-191CF031C3C7} = {3AC75F05-5348-41BF-A8F4-D9CB769027E6}
		{5D795CD7-6EBD-4996-88DB-DF8EEB09BBBF} = {3AC75F05-5348-41BF-A8F4-D9CB769027E6}
		{264D342C-D062-42B7-B21D-B3DD984AA5C1} = {3AC75F05-5348-41BF-A8F4-D9CB769027E6}
	EndGlobalSection
	GlobalSection(ExtensibilityGlobals) = postSolution
		SolutionGuid = {A96D0955-265B-4F34-BC36-351C4A32B690}
	EndGlobalSection
EndGlobal
